
Microsoft Visual Studio Solution File, Format Version 12.00
# Visual Studio Version 16
VisualStudioVersion = 16.0.30804.86
MinimumVisualStudioVersion = 10.0.40219.1
Project("{FAE04EC0-301F-11D3-BF4B-00C04F79EFBC}") = "ORM_Projekt_HAN0334", "ORM_Projekt_HAN0334\ORM_Projekt_HAN0334.csproj", "{BF3F9A4C-0EC0-4892-985B-D7AA4800AEE2}"
EndProject
Global
	GlobalSection(SolutionConfigurationPlatforms) = preSolution
		Debug|Any CPU = Debug|Any CPU
		Release|Any CPU = Release|Any CPU
	EndGlobalSection
	GlobalSection(ProjectConfigurationPlatforms) = postSolution
		{BF3F9A4C-0EC0-4892-985B-D7AA4800AEE2}.Debug|Any CPU.ActiveCfg = Debug|Any CPU
		{BF3F9A4C-0EC0-4892-985B-D7AA4800AEE2}.Debug|Any CPU.Build.0 = Debug|Any CPU
		{BF3F9A4C-0EC0-4892-985B-D7AA4800AEE2}.Release|Any CPU.ActiveCfg = Release|Any CPU
		{BF3F9A4C-0EC0-4892-985B-D7AA4800AEE2}.Release|Any CPU.Build.0 = Release|Any CPU
	EndGlobalSection
	GlobalSection(SolutionProperties) = preSolution
		HideSolutionNode = FALSE
	EndGlobalSection
	GlobalSection(ExtensibilityGlobals) = postSolution
		SolutionGuid = {C6FD3470-7ABC-42C3-81C3-E063771C72B6}
	EndGlobalSection
EndGlobal
